// !$*UTF8*$!
{
	archiveVersion = 1;
	classes = {
	};
	objectVersion = 50;
	objects = {

/* Begin PBXBuildFile section */
		6DB2D4F02209ECA600E0B9C4 /* UIColorExtensions.swift in Sources */ = {isa = PBXBuildFile; fileRef = 6DB2D4EF2209ECA600E0B9C4 /* UIColorExtensions.swift */; };
		6DB2D4F6220A03C900E0B9C4 /* UIViewControllerExtensions.swift in Sources */ = {isa = PBXBuildFile; fileRef = 6DB2D4F5220A03C900E0B9C4 /* UIViewControllerExtensions.swift */; };
		6DB2D4F8220A042700E0B9C4 /* SizzledTheme.swift in Sources */ = {isa = PBXBuildFile; fileRef = 6DB2D4F7220A042700E0B9C4 /* SizzledTheme.swift */; };
		6DB2D4FB220AEF4600E0B9C4 /* Localizable.strings in Resources */ = {isa = PBXBuildFile; fileRef = 6DB2D4FD220AEF4600E0B9C4 /* Localizable.strings */; };
		6DB2D500220AF0DB00E0B9C4 /* InformationData.swift in Sources */ = {isa = PBXBuildFile; fileRef = 6DB2D4FF220AF0DB00E0B9C4 /* InformationData.swift */; };
		6DB2D508220AF18900E0B9C4 /* Legal-Notices.html in Resources */ = {isa = PBXBuildFile; fileRef = 6DB2D506220AF15400E0B9C4 /* Legal-Notices.html */; };
		6DB2D509220AF18C00E0B9C4 /* Licence.html in Resources */ = {isa = PBXBuildFile; fileRef = 6DB2D505220AF15400E0B9C4 /* Licence.html */; };
		6DB2D50A220AF18E00E0B9C4 /* Data-Protection.html in Resources */ = {isa = PBXBuildFile; fileRef = 6DB2D503220AF15400E0B9C4 /* Data-Protection.html */; };
		6DB2D50B220AF19000E0B9C4 /* Impressum.html in Resources */ = {isa = PBXBuildFile; fileRef = 6DB2D504220AF15400E0B9C4 /* Impressum.html */; };
		6DB2D50C220AF19800E0B9C4 /* Style.css in Resources */ = {isa = PBXBuildFile; fileRef = 6DB2D507220AF16900E0B9C4 /* Style.css */; };
		6DB2D50F220AF9C500E0B9C4 /* PageViewController.swift in Sources */ = {isa = PBXBuildFile; fileRef = 6DB2D50E220AF9C500E0B9C4 /* PageViewController.swift */; };
		DCF510F42209E3F700B4FCF6 /* AppDelegate.swift in Sources */ = {isa = PBXBuildFile; fileRef = DCF510F32209E3F700B4FCF6 /* AppDelegate.swift */; };
		DCF510FB2209E3F900B4FCF6 /* Assets.xcassets in Resources */ = {isa = PBXBuildFile; fileRef = DCF510FA2209E3F900B4FCF6 /* Assets.xcassets */; };
		DCF510FE2209E3F900B4FCF6 /* LaunchScreen.storyboard in Resources */ = {isa = PBXBuildFile; fileRef = DCF510FC2209E3F900B4FCF6 /* LaunchScreen.storyboard */; };
		DCF511082209E4CD00B4FCF6 /* HomeViewController.swift in Sources */ = {isa = PBXBuildFile; fileRef = DCF511072209E4CD00B4FCF6 /* HomeViewController.swift */; };
		DCF5110A2209E4D700B4FCF6 /* InformationViewController.swift in Sources */ = {isa = PBXBuildFile; fileRef = DCF511092209E4D700B4FCF6 /* InformationViewController.swift */; };
		DCF5110E2209E91200B4FCF6 /* ZEISS.xcassets in Resources */ = {isa = PBXBuildFile; fileRef = DCF5110D2209E91200B4FCF6 /* ZEISS.xcassets */; };
		DCF5111C220B14E400B4FCF6 /* PageViewController+WKNavigationDelegate.swift in Sources */ = {isa = PBXBuildFile; fileRef = DCF5111B220B14E400B4FCF6 /* PageViewController+WKNavigationDelegate.swift */; };
		DCF5111E220B151600B4FCF6 /* PageViewController+UIScrollViewDelegate.swift in Sources */ = {isa = PBXBuildFile; fileRef = DCF5111D220B151600B4FCF6 /* PageViewController+UIScrollViewDelegate.swift */; };
/* End PBXBuildFile section */

/* Begin PBXFileReference section */
		6DB2D4EF2209ECA600E0B9C4 /* UIColorExtensions.swift */ = {isa = PBXFileReference; lastKnownFileType = sourcecode.swift; path = UIColorExtensions.swift; sourceTree = "<group>"; };
		6DB2D4F5220A03C900E0B9C4 /* UIViewControllerExtensions.swift */ = {isa = PBXFileReference; lastKnownFileType = sourcecode.swift; path = UIViewControllerExtensions.swift; sourceTree = "<group>"; };
		6DB2D4F7220A042700E0B9C4 /* SizzledTheme.swift */ = {isa = PBXFileReference; lastKnownFileType = sourcecode.swift; path = SizzledTheme.swift; sourceTree = "<group>"; };
		6DB2D4FC220AEF4600E0B9C4 /* en */ = {isa = PBXFileReference; lastKnownFileType = text.plist.strings; name = en; path = en.lproj/Localizable.strings; sourceTree = "<group>"; };
		6DB2D4FF220AF0DB00E0B9C4 /* InformationData.swift */ = {isa = PBXFileReference; lastKnownFileType = sourcecode.swift; path = InformationData.swift; sourceTree = "<group>"; };
		6DB2D503220AF15400E0B9C4 /* Data-Protection.html */ = {isa = PBXFileReference; lastKnownFileType = text.html; path = "Data-Protection.html"; sourceTree = "<group>"; };
		6DB2D504220AF15400E0B9C4 /* Impressum.html */ = {isa = PBXFileReference; lastKnownFileType = text.html; path = Impressum.html; sourceTree = "<group>"; };
		6DB2D505220AF15400E0B9C4 /* Licence.html */ = {isa = PBXFileReference; lastKnownFileType = text.html; path = Licence.html; sourceTree = "<group>"; };
		6DB2D506220AF15400E0B9C4 /* Legal-Notices.html */ = {isa = PBXFileReference; lastKnownFileType = text.html; path = "Legal-Notices.html"; sourceTree = "<group>"; };
		6DB2D507220AF16900E0B9C4 /* Style.css */ = {isa = PBXFileReference; lastKnownFileType = text.css; path = Style.css; sourceTree = "<group>"; };
		6DB2D50E220AF9C500E0B9C4 /* PageViewController.swift */ = {isa = PBXFileReference; fileEncoding = 4; lastKnownFileType = sourcecode.swift; path = PageViewController.swift; sourceTree = "<group>"; };
		DCF510F02209E3F700B4FCF6 /* StarterKit.app */ = {isa = PBXFileReference; explicitFileType = wrapper.application; includeInIndex = 0; path = StarterKit.app; sourceTree = BUILT_PRODUCTS_DIR; };
		DCF510F32209E3F700B4FCF6 /* AppDelegate.swift */ = {isa = PBXFileReference; lastKnownFileType = sourcecode.swift; path = AppDelegate.swift; sourceTree = "<group>"; };
		DCF510FA2209E3F900B4FCF6 /* Assets.xcassets */ = {isa = PBXFileReference; lastKnownFileType = folder.assetcatalog; path = Assets.xcassets; sourceTree = "<group>"; };
		DCF510FD2209E3F900B4FCF6 /* Base */ = {isa = PBXFileReference; lastKnownFileType = file.storyboard; name = Base; path = Base.lproj/LaunchScreen.storyboard; sourceTree = "<group>"; };
		DCF510FF2209E3F900B4FCF6 /* Info.plist */ = {isa = PBXFileReference; lastKnownFileType = text.plist.xml; path = Info.plist; sourceTree = "<group>"; };
		DCF511072209E4CD00B4FCF6 /* HomeViewController.swift */ = {isa = PBXFileReference; lastKnownFileType = sourcecode.swift; path = HomeViewController.swift; sourceTree = "<group>"; };
		DCF511092209E4D700B4FCF6 /* InformationViewController.swift */ = {isa = PBXFileReference; lastKnownFileType = sourcecode.swift; path = InformationViewController.swift; sourceTree = "<group>"; };
		DCF5110D2209E91200B4FCF6 /* ZEISS.xcassets */ = {isa = PBXFileReference; lastKnownFileType = folder.assetcatalog; path = ZEISS.xcassets; sourceTree = "<group>"; };
		DCF5111A220B132500B4FCF6 /* de */ = {isa = PBXFileReference; lastKnownFileType = text.plist.strings; name = de; path = de.lproj/Localizable.strings; sourceTree = "<group>"; };
		DCF5111B220B14E400B4FCF6 /* PageViewController+WKNavigationDelegate.swift */ = {isa = PBXFileReference; lastKnownFileType = sourcecode.swift; path = "PageViewController+WKNavigationDelegate.swift"; sourceTree = "<group>"; };
		DCF5111D220B151600B4FCF6 /* PageViewController+UIScrollViewDelegate.swift */ = {isa = PBXFileReference; lastKnownFileType = sourcecode.swift; path = "PageViewController+UIScrollViewDelegate.swift"; sourceTree = "<group>"; };
/* End PBXFileReference section */

/* Begin PBXFrameworksBuildPhase section */
		DCF510ED2209E3F700B4FCF6 /* Frameworks */ = {
			isa = PBXFrameworksBuildPhase;
			buildActionMask = 2147483647;
			files = (
			);
			runOnlyForDeploymentPostprocessing = 0;
		};
/* End PBXFrameworksBuildPhase section */

/* Begin PBXGroup section */
		6DB2D4EE2209EC5F00E0B9C4 /* Extensions */ = {
			isa = PBXGroup;
			children = (
				6DB2D4EF2209ECA600E0B9C4 /* UIColorExtensions.swift */,
			);
			path = Extensions;
			sourceTree = "<group>";
		};
		6DB2D4F1220A039F00E0B9C4 /* Vendors */ = {
			isa = PBXGroup;
			children = (
				6DB2D4F2220A03AB00E0B9C4 /* SizzledTheme */,
			);
			path = Vendors;
			sourceTree = "<group>";
		};
		6DB2D4F2220A03AB00E0B9C4 /* SizzledTheme */ = {
			isa = PBXGroup;
			children = (
				6DB2D4F5220A03C900E0B9C4 /* UIViewControllerExtensions.swift */,
				6DB2D4F7220A042700E0B9C4 /* SizzledTheme.swift */,
			);
			path = SizzledTheme;
			sourceTree = "<group>";
		};
		6DB2D4FE220AF0C300E0B9C4 /* Models */ = {
			isa = PBXGroup;
			children = (
				6DB2D4FF220AF0DB00E0B9C4 /* InformationData.swift */,
			);
			path = Models;
			sourceTree = "<group>";
		};
		6DB2D501220AF13C00E0B9C4 /* Static Pages */ = {
			isa = PBXGroup;
			children = (
				6DB2D502220AF14700E0B9C4 /* Information */,
				6DB2D507220AF16900E0B9C4 /* Style.css */,
			);
			path = "Static Pages";
			sourceTree = "<group>";
		};
		6DB2D502220AF14700E0B9C4 /* Information */ = {
			isa = PBXGroup;
			children = (
				6DB2D503220AF15400E0B9C4 /* Data-Protection.html */,
				6DB2D504220AF15400E0B9C4 /* Impressum.html */,
				6DB2D506220AF15400E0B9C4 /* Legal-Notices.html */,
				6DB2D505220AF15400E0B9C4 /* Licence.html */,
			);
			path = Information;
			sourceTree = "<group>";
		};
		6DB2D50D220AF9B000E0B9C4 /* Generic */ = {
			isa = PBXGroup;
			children = (
				DCF5111F220B24EA00B4FCF6 /* PageViewController */,
			);
			path = Generic;
			sourceTree = "<group>";
		};
		DCF510E72209E3F700B4FCF6 = {
			isa = PBXGroup;
			children = (
				DCF510F22209E3F700B4FCF6 /* StarterKit */,
				DCF510F12209E3F700B4FCF6 /* Products */,
			);
			sourceTree = "<group>";
		};
		DCF510F12209E3F700B4FCF6 /* Products */ = {
			isa = PBXGroup;
			children = (
				DCF510F02209E3F700B4FCF6 /* StarterKit.app */,
			);
			name = Products;
			sourceTree = "<group>";
		};
		DCF510F22209E3F700B4FCF6 /* StarterKit */ = {
			isa = PBXGroup;
			children = (
				6DB2D501220AF13C00E0B9C4 /* Static Pages */,
				DCF510F32209E3F700B4FCF6 /* AppDelegate.swift */,
				DCF511052209E4A400B4FCF6 /* ViewControllers */,
				6DB2D4FE220AF0C300E0B9C4 /* Models */,
				6DB2D4EE2209EC5F00E0B9C4 /* Extensions */,
				6DB2D4F1220A039F00E0B9C4 /* Vendors */,
				DCF511062209E4B000B4FCF6 /* Supporting Files */,
			);
			path = StarterKit;
			sourceTree = "<group>";
		};
		DCF511052209E4A400B4FCF6 /* ViewControllers */ = {
			isa = PBXGroup;
			children = (
				DCF5110B2209E73B00B4FCF6 /* Home */,
				DCF5110C2209E74300B4FCF6 /* Information */,
				6DB2D50D220AF9B000E0B9C4 /* Generic */,
			);
			path = ViewControllers;
			sourceTree = "<group>";
		};
		DCF511062209E4B000B4FCF6 /* Supporting Files */ = {
			isa = PBXGroup;
			children = (
				DCF510FA2209E3F900B4FCF6 /* Assets.xcassets */,
				DCF510FC2209E3F900B4FCF6 /* LaunchScreen.storyboard */,
				DCF510FF2209E3F900B4FCF6 /* Info.plist */,
				DCF5110D2209E91200B4FCF6 /* ZEISS.xcassets */,
				6DB2D4FD220AEF4600E0B9C4 /* Localizable.strings */,
			);
			name = "Supporting Files";
			sourceTree = "<group>";
		};
		DCF5110B2209E73B00B4FCF6 /* Home */ = {
			isa = PBXGroup;
			children = (
				DCF511072209E4CD00B4FCF6 /* HomeViewController.swift */,
			);
			path = Home;
			sourceTree = "<group>";
		};
		DCF5110C2209E74300B4FCF6 /* Information */ = {
			isa = PBXGroup;
			children = (
				DCF511092209E4D700B4FCF6 /* InformationViewController.swift */,
			);
			path = Information;
			sourceTree = "<group>";
		};
		DCF5111F220B24EA00B4FCF6 /* PageViewController */ = {
			isa = PBXGroup;
			children = (
				6DB2D50E220AF9C500E0B9C4 /* PageViewController.swift */,
				DCF5111B220B14E400B4FCF6 /* PageViewController+WKNavigationDelegate.swift */,
				DCF5111D220B151600B4FCF6 /* PageViewController+UIScrollViewDelegate.swift */,
			);
			path = PageViewController;
			sourceTree = "<group>";
		};
/* End PBXGroup section */

/* Begin PBXNativeTarget section */
		DCF510EF2209E3F700B4FCF6 /* StarterKit */ = {
			isa = PBXNativeTarget;
			buildConfigurationList = DCF511022209E3F900B4FCF6 /* Build configuration list for PBXNativeTarget "StarterKit" */;
			buildPhases = (
				DCF510EC2209E3F700B4FCF6 /* Sources */,
				DCF510ED2209E3F700B4FCF6 /* Frameworks */,
				DCF510EE2209E3F700B4FCF6 /* Resources */,
			);
			buildRules = (
			);
			dependencies = (
			);
			name = StarterKit;
			productName = StarterKit;
			productReference = DCF510F02209E3F700B4FCF6 /* StarterKit.app */;
			productType = "com.apple.product-type.application";
		};
/* End PBXNativeTarget section */

/* Begin PBXProject section */
		DCF510E82209E3F700B4FCF6 /* Project object */ = {
			isa = PBXProject;
			attributes = {
				LastSwiftUpdateCheck = 1010;
				LastUpgradeCheck = 1010;
				ORGANIZATIONNAME = "Carl Zeiss AG";
				TargetAttributes = {
					DCF510EF2209E3F700B4FCF6 = {
						CreatedOnToolsVersion = 10.1;
					};
				};
			};
			buildConfigurationList = DCF510EB2209E3F700B4FCF6 /* Build configuration list for PBXProject "StarterKit" */;
			compatibilityVersion = "Xcode 9.3";
			developmentRegion = en;
			hasScannedForEncodings = 0;
			knownRegions = (
				en,
				Base,
				de,
			);
			mainGroup = DCF510E72209E3F700B4FCF6;
			productRefGroup = DCF510F12209E3F700B4FCF6 /* Products */;
			projectDirPath = "";
			projectRoot = "";
			targets = (
				DCF510EF2209E3F700B4FCF6 /* StarterKit */,
			);
		};
/* End PBXProject section */

/* Begin PBXResourcesBuildPhase section */
		DCF510EE2209E3F700B4FCF6 /* Resources */ = {
			isa = PBXResourcesBuildPhase;
			buildActionMask = 2147483647;
			files = (
				DCF510FE2209E3F900B4FCF6 /* LaunchScreen.storyboard in Resources */,
				6DB2D4FB220AEF4600E0B9C4 /* Localizable.strings in Resources */,
				6DB2D509220AF18C00E0B9C4 /* Licence.html in Resources */,
				DCF5110E2209E91200B4FCF6 /* ZEISS.xcassets in Resources */,
				6DB2D508220AF18900E0B9C4 /* Legal-Notices.html in Resources */,
				DCF510FB2209E3F900B4FCF6 /* Assets.xcassets in Resources */,
				6DB2D50B220AF19000E0B9C4 /* Impressum.html in Resources */,
				6DB2D50A220AF18E00E0B9C4 /* Data-Protection.html in Resources */,
				6DB2D50C220AF19800E0B9C4 /* Style.css in Resources */,
			);
			runOnlyForDeploymentPostprocessing = 0;
		};
/* End PBXResourcesBuildPhase section */

/* Begin PBXSourcesBuildPhase section */
		DCF510EC2209E3F700B4FCF6 /* Sources */ = {
			isa = PBXSourcesBuildPhase;
			buildActionMask = 2147483647;
			files = (
				DCF510F42209E3F700B4FCF6 /* AppDelegate.swift in Sources */,
				6DB2D4F02209ECA600E0B9C4 /* UIColorExtensions.swift in Sources */,
				DCF511082209E4CD00B4FCF6 /* HomeViewController.swift in Sources */,
				6DB2D4F6220A03C900E0B9C4 /* UIViewControllerExtensions.swift in Sources */,
				DCF5111E220B151600B4FCF6 /* PageViewController+UIScrollViewDelegate.swift in Sources */,
				DCF5111C220B14E400B4FCF6 /* PageViewController+WKNavigationDelegate.swift in Sources */,
				6DB2D4F8220A042700E0B9C4 /* SizzledTheme.swift in Sources */,
				DCF5110A2209E4D700B4FCF6 /* InformationViewController.swift in Sources */,
				6DB2D500220AF0DB00E0B9C4 /* InformationData.swift in Sources */,
				6DB2D50F220AF9C500E0B9C4 /* PageViewController.swift in Sources */,
			);
			runOnlyForDeploymentPostprocessing = 0;
		};
/* End PBXSourcesBuildPhase section */

/* Begin PBXVariantGroup section */
		6DB2D4FD220AEF4600E0B9C4 /* Localizable.strings */ = {
			isa = PBXVariantGroup;
			children = (
				6DB2D4FC220AEF4600E0B9C4 /* en */,
				DCF5111A220B132500B4FCF6 /* de */,
			);
			name = Localizable.strings;
			sourceTree = "<group>";
		};
		DCF510FC2209E3F900B4FCF6 /* LaunchScreen.storyboard */ = {
			isa = PBXVariantGroup;
			children = (
				DCF510FD2209E3F900B4FCF6 /* Base */,
			);
			name = LaunchScreen.storyboard;
			sourceTree = "<group>";
		};
/* End PBXVariantGroup section */

/* Begin XCBuildConfiguration section */
		DCF511002209E3F900B4FCF6 /* Debug */ = {
			isa = XCBuildConfiguration;
			buildSettings = {
				ALWAYS_SEARCH_USER_PATHS = NO;
				CLANG_ANALYZER_LOCALIZABILITY_NONLOCALIZED = YES;
				CLANG_ANALYZER_NONNULL = YES;
				CLANG_ANALYZER_NUMBER_OBJECT_CONVERSION = YES_AGGRESSIVE;
				CLANG_CXX_LANGUAGE_STANDARD = "gnu++14";
				CLANG_CXX_LIBRARY = "libc++";
				CLANG_ENABLE_MODULES = YES;
				CLANG_ENABLE_OBJC_ARC = YES;
				CLANG_ENABLE_OBJC_WEAK = YES;
				CLANG_WARN_BLOCK_CAPTURE_AUTORELEASING = YES;
				CLANG_WARN_BOOL_CONVERSION = YES;
				CLANG_WARN_COMMA = YES;
				CLANG_WARN_CONSTANT_CONVERSION = YES;
				CLANG_WARN_DEPRECATED_OBJC_IMPLEMENTATIONS = YES;
				CLANG_WARN_DIRECT_OBJC_ISA_USAGE = YES_ERROR;
				CLANG_WARN_DOCUMENTATION_COMMENTS = YES;
				CLANG_WARN_EMPTY_BODY = YES;
				CLANG_WARN_ENUM_CONVERSION = YES;
				CLANG_WARN_INFINITE_RECURSION = YES;
				CLANG_WARN_INT_CONVERSION = YES;
				CLANG_WARN_NON_LITERAL_NULL_CONVERSION = YES;
				CLANG_WARN_OBJC_IMPLICIT_RETAIN_SELF = YES;
				CLANG_WARN_OBJC_LITERAL_CONVERSION = YES;
				CLANG_WARN_OBJC_ROOT_CLASS = YES_ERROR;
				CLANG_WARN_RANGE_LOOP_ANALYSIS = YES;
				CLANG_WARN_STRICT_PROTOTYPES = YES;
				CLANG_WARN_SUSPICIOUS_MOVE = YES;
				CLANG_WARN_UNGUARDED_AVAILABILITY = YES_AGGRESSIVE;
				CLANG_WARN_UNREACHABLE_CODE = YES;
				CLANG_WARN__DUPLICATE_METHOD_MATCH = YES;
				CODE_SIGN_IDENTITY = "iPhone Developer";
				COPY_PHASE_STRIP = NO;
				DEBUG_INFORMATION_FORMAT = dwarf;
				ENABLE_STRICT_OBJC_MSGSEND = YES;
				ENABLE_TESTABILITY = YES;
				GCC_C_LANGUAGE_STANDARD = gnu11;
				GCC_DYNAMIC_NO_PIC = NO;
				GCC_NO_COMMON_BLOCKS = YES;
				GCC_OPTIMIZATION_LEVEL = 0;
				GCC_PREPROCESSOR_DEFINITIONS = (
					"DEBUG=1",
					"$(inherited)",
				);
				GCC_WARN_64_TO_32_BIT_CONVERSION = YES;
				GCC_WARN_ABOUT_RETURN_TYPE = YES_ERROR;
				GCC_WARN_UNDECLARED_SELECTOR = YES;
				GCC_WARN_UNINITIALIZED_AUTOS = YES_AGGRESSIVE;
				GCC_WARN_UNUSED_FUNCTION = YES;
				GCC_WARN_UNUSED_VARIABLE = YES;
				IPHONEOS_DEPLOYMENT_TARGET = 12.1;
				MTL_ENABLE_DEBUG_INFO = INCLUDE_SOURCE;
				MTL_FAST_MATH = YES;
				ONLY_ACTIVE_ARCH = YES;
				SDKROOT = iphoneos;
				SWIFT_ACTIVE_COMPILATION_CONDITIONS = DEBUG;
				SWIFT_OPTIMIZATION_LEVEL = "-Onone";
			};
			name = Debug;
		};
		DCF511012209E3F900B4FCF6 /* Release */ = {
			isa = XCBuildConfiguration;
			buildSettings = {
				ALWAYS_SEARCH_USER_PATHS = NO;
				CLANG_ANALYZER_LOCALIZABILITY_NONLOCALIZED = YES;
				CLANG_ANALYZER_NONNULL = YES;
				CLANG_ANALYZER_NUMBER_OBJECT_CONVERSION = YES_AGGRESSIVE;
				CLANG_CXX_LANGUAGE_STANDARD = "gnu++14";
				CLANG_CXX_LIBRARY = "libc++";
				CLANG_ENABLE_MODULES = YES;
				CLANG_ENABLE_OBJC_ARC = YES;
				CLANG_ENABLE_OBJC_WEAK = YES;
				CLANG_WARN_BLOCK_CAPTURE_AUTORELEASING = YES;
				CLANG_WARN_BOOL_CONVERSION = YES;
				CLANG_WARN_COMMA = YES;
				CLANG_WARN_CONSTANT_CONVERSION = YES;
				CLANG_WARN_DEPRECATED_OBJC_IMPLEMENTATIONS = YES;
				CLANG_WARN_DIRECT_OBJC_ISA_USAGE = YES_ERROR;
				CLANG_WARN_DOCUMENTATION_COMMENTS = YES;
				CLANG_WARN_EMPTY_BODY = YES;
				CLANG_WARN_ENUM_CONVERSION = YES;
				CLANG_WARN_INFINITE_RECURSION = YES;
				CLANG_WARN_INT_CONVERSION = YES;
				CLANG_WARN_NON_LITERAL_NULL_CONVERSION = YES;
				CLANG_WARN_OBJC_IMPLICIT_RETAIN_SELF = YES;
				CLANG_WARN_OBJC_LITERAL_CONVERSION = YES;
				CLANG_WARN_OBJC_ROOT_CLASS = YES_ERROR;
				CLANG_WARN_RANGE_LOOP_ANALYSIS = YES;
				CLANG_WARN_STRICT_PROTOTYPES = YES;
				CLANG_WARN_SUSPICIOUS_MOVE = YES;
				CLANG_WARN_UNGUARDED_AVAILABILITY = YES_AGGRESSIVE;
				CLANG_WARN_UNREACHABLE_CODE = YES;
				CLANG_WARN__DUPLICATE_METHOD_MATCH = YES;
				CODE_SIGN_IDENTITY = "iPhone Developer";
				COPY_PHASE_STRIP = NO;
				DEBUG_INFORMATION_FORMAT = "dwarf-with-dsym";
				ENABLE_NS_ASSERTIONS = NO;
				ENABLE_STRICT_OBJC_MSGSEND = YES;
				GCC_C_LANGUAGE_STANDARD = gnu11;
				GCC_NO_COMMON_BLOCKS = YES;
				GCC_WARN_64_TO_32_BIT_CONVERSION = YES;
				GCC_WARN_ABOUT_RETURN_TYPE = YES_ERROR;
				GCC_WARN_UNDECLARED_SELECTOR = YES;
				GCC_WARN_UNINITIALIZED_AUTOS = YES_AGGRESSIVE;
				GCC_WARN_UNUSED_FUNCTION = YES;
				GCC_WARN_UNUSED_VARIABLE = YES;
				IPHONEOS_DEPLOYMENT_TARGET = 12.1;
				MTL_ENABLE_DEBUG_INFO = NO;
				MTL_FAST_MATH = YES;
				SDKROOT = iphoneos;
				SWIFT_COMPILATION_MODE = wholemodule;
				SWIFT_OPTIMIZATION_LEVEL = "-O";
				VALIDATE_PRODUCT = YES;
			};
			name = Release;
		};
		DCF511032209E3F900B4FCF6 /* Debug */ = {
			isa = XCBuildConfiguration;
			buildSettings = {
				ASSETCATALOG_COMPILER_APPICON_NAME = AppIcon;
				CODE_SIGN_STYLE = Automatic;
				DEVELOPMENT_TEAM = K56S2P3V34;
				INFOPLIST_FILE = StarterKit/Info.plist;
				LD_RUNPATH_SEARCH_PATHS = (
					"$(inherited)",
					"@executable_path/Frameworks",
				);
				PRODUCT_BUNDLE_IDENTIFIER = com.zeiss.StarterKit;
				PRODUCT_NAME = "$(TARGET_NAME)";
				SWIFT_VERSION = 4.2;
				TARGETED_DEVICE_FAMILY = "1,2";
			};
			name = Debug;
		};
		DCF511042209E3F900B4FCF6 /* Release */ = {
			isa = XCBuildConfiguration;
			buildSettings = {
				ASSETCATALOG_COMPILER_APPICON_NAME = AppIcon;
				CODE_SIGN_STYLE = Automatic;
				DEVELOPMENT_TEAM = K56S2P3V34;
				INFOPLIST_FILE = StarterKit/Info.plist;
				LD_RUNPATH_SEARCH_PATHS = (
					"$(inherited)",
					"@executable_path/Frameworks",
				);
				PRODUCT_BUNDLE_IDENTIFIER = com.zeiss.StarterKit;
				PRODUCT_NAME = "$(TARGET_NAME)";
				SWIFT_VERSION = 4.2;
				TARGETED_DEVICE_FAMILY = "1,2";
			};
			name = Release;
		};
/* End XCBuildConfiguration section */

/* Begin XCConfigurationList section */
		DCF510EB2209E3F700B4FCF6 /* Build configuration list for PBXProject "StarterKit" */ = {
			isa = XCConfigurationList;
			buildConfigurations = (
				DCF511002209E3F900B4FCF6 /* Debug */,
				DCF511012209E3F900B4FCF6 /* Release */,
			);
			defaultConfigurationIsVisible = 0;
			defaultConfigurationName = Release;
		};
		DCF511022209E3F900B4FCF6 /* Build configuration list for PBXNativeTarget "StarterKit" */ = {
			isa = XCConfigurationList;
			buildConfigurations = (
				DCF511032209E3F900B4FCF6 /* Debug */,
				DCF511042209E3F900B4FCF6 /* Release */,
			);
			defaultConfigurationIsVisible = 0;
			defaultConfigurationName = Release;
		};
/* End XCConfigurationList section */
	};
	rootObject = DCF510E82209E3F700B4FCF6 /* Project object */;
}
